
Microsoft Visual Studio Solution File, Format Version 12.00
# Visual Studio Version 16
VisualStudioVersion = 16.0.32802.440
MinimumVisualStudioVersion = 10.0.40219.1
Project("{FAE04EC0-301F-11D3-BF4B-00C04F79EFBC}") = "chess", "chess\chess.csproj", "{13D16B88-AB0E-47CE-884D-873F4F44DEF7}"
EndProject
Global
	GlobalSection(SolutionConfigurationPlatforms) = preSolution
		Debug|Any CPU = Debug|Any CPU
		Release|Any CPU = Release|Any CPU
	EndGlobalSection
	GlobalSection(ProjectConfigurationPlatforms) = postSolution
		{13D16B88-AB0E-47CE-884D-873F4F44DEF7}.Debug|Any CPU.ActiveCfg = Debug|Any CPU
		{13D16B88-AB0E-47CE-884D-873F4F44DEF7}.Debug|Any CPU.Build.0 = Debug|Any CPU
		{13D16B88-AB0E-47CE-884D-873F4F44DEF7}.Release|Any CPU.ActiveCfg = Release|Any CPU
		{13D16B88-AB0E-47CE-884D-873F4F44DEF7}.Release|Any CPU.Build.0 = Release|Any CPU
	EndGlobalSection
	GlobalSection(SolutionProperties) = preSolution
		HideSolutionNode = FALSE
	EndGlobalSection
	GlobalSection(ExtensibilityGlobals) = postSolution
		SolutionGuid = {F3D8E8E5-C385-4AC3-ABB3-8DA983955AD2}
	EndGlobalSection
EndGlobal
